
Microsoft Visual Studio Solution File, Format Version 12.00
# Visual Studio Version 17
VisualStudioVersion = 17.7.34221.43
MinimumVisualStudioVersion = 10.0.40219.1
Project("{FAE04EC0-301F-11D3-BF4B-00C04F79EFBC}") = "refuerzo1", "refuerzo1\refuerzo1.csproj", "{1E842728-4A1E-4D89-B9FA-9BC355B02EB7}"
EndProject
Global
	GlobalSection(SolutionConfigurationPlatforms) = preSolution
		Debug|Any CPU = Debug|Any CPU
		Release|Any CPU = Release|Any CPU
	EndGlobalSection
	GlobalSection(ProjectConfigurationPlatforms) = postSolution
		{1E842728-4A1E-4D89-B9FA-9BC355B02EB7}.Debug|Any CPU.ActiveCfg = Debug|Any CPU
		{1E842728-4A1E-4D89-B9FA-9BC355B02EB7}.Debug|Any CPU.Build.0 = Debug|Any CPU
		{1E842728-4A1E-4D89-B9FA-9BC355B02EB7}.Release|Any CPU.ActiveCfg = Release|Any CPU
		{1E842728-4A1E-4D89-B9FA-9BC355B02EB7}.Release|Any CPU.Build.0 = Release|Any CPU
	EndGlobalSection
	GlobalSection(SolutionProperties) = preSolution
		HideSolutionNode = FALSE
	EndGlobalSection
	GlobalSection(ExtensibilityGlobals) = postSolution
		SolutionGuid = {572F315C-C89F-4615-8673-D9AB8820627B}
	EndGlobalSection
EndGlobal
